{
  "name": "marseille",
  "version": "0.0.0",
  "lockfileVersion": 2,
  "requires": true,
  "packages": {
    "": {
      "version": "0.0.0",
      "dependencies": {
        "three": "^0.129.0"
      },
      "devDependencies": {
        "rollup-plugin-dotenv": "github:lhapaipai/rollup-plugin-dotenv#v0.3.1",
        "vite": "^2.3.8"
      }
    },
    "node_modules/@rollup/plugin-replace": {
      "version": "2.4.2",
      "dev": true,
      "license": "MIT",
      "dependencies": {
        "@rollup/pluginutils": "^3.1.0",
        "magic-string": "^0.25.7"
      },
      "peerDependencies": {
        "rollup": "^1.20.0 || ^2.0.0"
      }
    },
    "node_modules/@rollup/pluginutils": {
      "version": "3.1.0",
      "dev": true,
      "license": "MIT",
      "dependencies": {
        "@types/estree": "0.0.39",
        "estree-walker": "^1.0.1",
        "picomatch": "^2.2.2"
      },
      "engines": {
        "node": ">= 8.0.0"
      },
      "peerDependencies": {
        "rollup": "^1.20.0||^2.0.0"
      }
    },
    "node_modules/@types/estree": {
      "version": "0.0.39",
      "dev": true,
      "license": "MIT"
    },
    "node_modules/colorette": {
      "version": "1.2.2",
      "dev": true,
      "license": "MIT"
    },
    "node_modules/dotenv": {
      "version": "8.6.0",
      "dev": true,
      "license": "BSD-2-Clause",
      "engines": {
        "node": ">=10"
      }
    },
    "node_modules/esbuild": {
      "version": "0.12.9",
      "dev": true,
      "hasInstallScript": true,
      "license": "MIT",
      "bin": {
        "esbuild": "bin/esbuild"
      }
    },
    "node_modules/estree-walker": {
      "version": "1.0.1",
      "dev": true,
      "license": "MIT"
    },
    "node_modules/function-bind": {
      "version": "1.1.1",
      "dev": true,
      "license": "MIT"
    },
    "node_modules/has": {
      "version": "1.0.3",
      "dev": true,
      "license": "MIT",
      "dependencies": {
        "function-bind": "^1.1.1"
      },
      "engines": {
        "node": ">= 0.4.0"
      }
    },
    "node_modules/is-core-module": {
      "version": "2.4.0",
      "dev": true,
      "license": "MIT",
      "dependencies": {
        "has": "^1.0.3"
      },
      "funding": {
        "url": "https://github.com/sponsors/ljharb"
      }
    },
    "node_modules/magic-string": {
      "version": "0.25.7",
      "dev": true,
      "license": "MIT",
      "dependencies": {
        "sourcemap-codec": "^1.4.4"
      }
    },
    "node_modules/nanoid": {
      "version": "3.1.23",
      "dev": true,
      "license": "MIT",
      "bin": {
        "nanoid": "bin/nanoid.cjs"
      },
      "engines": {
        "node": "^10 || ^12 || ^13.7 || ^14 || >=15.0.1"
      }
    },
    "node_modules/path-parse": {
      "version": "1.0.7",
      "dev": true,
      "license": "MIT"
    },
    "node_modules/picomatch": {
      "version": "2.3.0",
      "dev": true,
      "license": "MIT",
      "engines": {
        "node": ">=8.6"
      },
      "funding": {
        "url": "https://github.com/sponsors/jonschlinkert"
      }
    },
    "node_modules/postcss": {
      "version": "8.3.5",
      "dev": true,
      "license": "MIT",
      "dependencies": {
        "colorette": "^1.2.2",
        "nanoid": "^3.1.23",
        "source-map-js": "^0.6.2"
      },
      "engines": {
        "node": "^10 || ^12 || >=14"
      },
      "funding": {
        "type": "opencollective",
        "url": "https://opencollective.com/postcss/"
      }
    },
    "node_modules/resolve": {
      "version": "1.20.0",
      "dev": true,
      "license": "MIT",
      "dependencies": {
        "is-core-module": "^2.2.0",
        "path-parse": "^1.0.6"
      },
      "funding": {
        "url": "https://github.com/sponsors/ljharb"
      }
    },
    "node_modules/rollup": {
      "version": "2.52.3",
      "dev": true,
      "license": "MIT",
      "bin": {
        "rollup": "dist/bin/rollup"
      },
      "engines": {
        "node": ">=10.0.0"
      },
      "optionalDependencies": {
        "fsevents": "~2.3.2"
      }
    },
    "node_modules/rollup-plugin-dotenv": {
      "version": "0.3.1",
      "resolved": "git+ssh://git@github.com/lhapaipai/rollup-plugin-dotenv.git#f80d7db3174a17547ce887fc2a9d7e6dcc11518f",
      "dev": true,
      "license": "MIT",
      "dependencies": {
        "@rollup/plugin-replace": "^2.3.2",
        "dotenv": "^8.2.0"
      },
      "peerDependencies": {
        "rollup": "^1.20.0 || ^2.0.0"
      }
    },
    "node_modules/source-map-js": {
      "version": "0.6.2",
      "dev": true,
      "license": "BSD-3-Clause",
      "engines": {
        "node": ">=0.10.0"
      }
    },
    "node_modules/sourcemap-codec": {
      "version": "1.4.8",
      "dev": true,
      "license": "MIT"
    },
    "node_modules/three": {
      "version": "0.129.0",
      "license": "MIT"
    },
    "node_modules/vite": {
      "version": "2.3.8",
      "dev": true,
      "license": "MIT",
      "dependencies": {
        "esbuild": "^0.12.8",
        "postcss": "^8.3.4",
        "resolve": "^1.20.0",
        "rollup": "^2.38.5"
      },
      "bin": {
        "vite": "bin/vite.js"
      },
      "engines": {
        "node": ">=12.0.0"
      },
      "optionalDependencies": {
        "fsevents": "~2.3.2"
      }
    }
  },
  "dependencies": {
    "@rollup/plugin-replace": {
      "version": "2.4.2",
      "dev": true,
      "requires": {
        "@rollup/pluginutils": "^3.1.0",
        "magic-string": "^0.25.7"
      }
    },
    "@rollup/pluginutils": {
      "version": "3.1.0",
      "dev": true,
      "requires": {
        "@types/estree": "0.0.39",
        "estree-walker": "^1.0.1",
        "picomatch": "^2.2.2"
      }
    },
    "@types/estree": {
      "version": "0.0.39",
      "dev": true
    },
    "colorette": {
      "version": "1.2.2",
      "dev": true
    },
    "dotenv": {
      "version": "8.6.0",
      "dev": true
    },
    "esbuild": {
      "version": "0.12.9",
      "dev": true
    },
    "estree-walker": {
      "version": "1.0.1",
      "dev": true
    },
    "function-bind": {
      "version": "1.1.1",
      "dev": true
    },
    "has": {
      "version": "1.0.3",
      "dev": true,
      "requires": {
        "function-bind": "^1.1.1"
      }
    },
    "is-core-module": {
      "version": "2.4.0",
      "dev": true,
      "requires": {
        "has": "^1.0.3"
      }
    },
    "magic-string": {
      "version": "0.25.7",
      "dev": true,
      "requires": {
        "sourcemap-codec": "^1.4.4"
      }
    },
    "nanoid": {
      "version": "3.1.23",
      "dev": true
    },
    "path-parse": {
      "version": "1.0.7",
      "dev": true
    },
    "picomatch": {
      "version": "2.3.0",
      "dev": true
    },
    "postcss": {
      "version": "8.3.5",
      "dev": true,
      "requires": {
        "colorette": "^1.2.2",
        "nanoid": "^3.1.23",
        "source-map-js": "^0.6.2"
      }
    },
    "resolve": {
      "version": "1.20.0",
      "dev": true,
      "requires": {
        "is-core-module": "^2.2.0",
        "path-parse": "^1.0.6"
      }
    },
    "rollup": {
      "version": "2.52.3",
      "dev": true,
      "requires": {
        "fsevents": "~2.3.2"
      }
    },
    "rollup-plugin-dotenv": {
      "version": "git+ssh://git@github.com/lhapaipai/rollup-plugin-dotenv.git#f80d7db3174a17547ce887fc2a9d7e6dcc11518f",
      "dev": true,
      "from": "rollup-plugin-dotenv@github:lhapaipai/rollup-plugin-dotenv#v0.3.1",
      "requires": {
        "@rollup/plugin-replace": "^2.3.2",
        "dotenv": "^8.2.0"
      }
    },
    "source-map-js": {
      "version": "0.6.2",
      "dev": true
    },
    "sourcemap-codec": {
      "version": "1.4.8",
      "dev": true
    },
    "three": {
      "version": "0.129.0"
    },
    "vite": {
      "version": "2.3.8",
      "dev": true,
      "requires": {
        "esbuild": "^0.12.8",
        "fsevents": "~2.3.2",
        "postcss": "^8.3.4",
        "resolve": "^1.20.0",
        "rollup": "^2.38.5"
      }
    }
  }
}
